
Microsoft Visual Studio Solution File, Format Version 12.00
# Visual Studio Version 16
VisualStudioVersion = 16.0.29911.84
MinimumVisualStudioVersion = 10.0.40219.1
Project("{FAE04EC0-301F-11D3-BF4B-00C04F79EFBC}") = "PBL", "PBL\PBL.csproj", "{8EF7D935-806C-4613-A9F4-B2DF3334E9B9}"
EndProject
Global
	GlobalSection(SolutionConfigurationPlatforms) = preSolution
		Debug|Any CPU = Debug|Any CPU
		Release|Any CPU = Release|Any CPU
	EndGlobalSection
	GlobalSection(ProjectConfigurationPlatforms) = postSolution
		{8EF7D935-806C-4613-A9F4-B2DF3334E9B9}.Debug|Any CPU.ActiveCfg = Debug|Any CPU
		{8EF7D935-806C-4613-A9F4-B2DF3334E9B9}.Debug|Any CPU.Build.0 = Debug|Any CPU
		{8EF7D935-806C-4613-A9F4-B2DF3334E9B9}.Release|Any CPU.ActiveCfg = Release|Any CPU
		{8EF7D935-806C-4613-A9F4-B2DF3334E9B9}.Release|Any CPU.Build.0 = Release|Any CPU
	EndGlobalSection
	GlobalSection(SolutionProperties) = preSolution
		HideSolutionNode = FALSE
	EndGlobalSection
	GlobalSection(ExtensibilityGlobals) = postSolution
		SolutionGuid = {D1A764E5-1FF4-4131-98C8-235F02B2A22C}
	EndGlobalSection
EndGlobal
